// !$*UTF8*$!
{
	archiveVersion = 1;
	classes = {
	};
	objectVersion = 50;
	objects = {

/* Begin PBXBuildFile section */
		3C88955E2448ADCE004C1719 /* song.mp3 in Resources */ = {isa = PBXBuildFile; fileRef = 3C88955D2448ADCE004C1719 /* song.mp3 */; };
		3C8895602448AFC2004C1719 /* SplashScene.swift in Sources */ = {isa = PBXBuildFile; fileRef = 3C88955F2448AFC2004C1719 /* SplashScene.swift */; };
		3CB3C56724489F17003F3DF6 /* test.mp3 in Resources */ = {isa = PBXBuildFile; fileRef = 3CB3C56624489F16003F3DF6 /* test.mp3 */; };
		3CB3C56A24489F29003F3DF6 /* Audio.swift in Sources */ = {isa = PBXBuildFile; fileRef = 3CB3C56924489F29003F3DF6 /* Audio.swift */; };
		A2111CFD2420859000EB6CF3 /* MainMenuScene.sks in Resources */ = {isa = PBXBuildFile; fileRef = A2111CF82420858F00EB6CF3 /* MainMenuScene.sks */; };
		A2111CFE2420859000EB6CF3 /* MainMenuScene.swift in Sources */ = {isa = PBXBuildFile; fileRef = A2111CF92420858F00EB6CF3 /* MainMenuScene.swift */; };
		A2111CFF2420859000EB6CF3 /* SplashScene.sks in Resources */ = {isa = PBXBuildFile; fileRef = A2111CFA2420858F00EB6CF3 /* SplashScene.sks */; };
		A2111D002420859000EB6CF3 /* GameScene.sks in Resources */ = {isa = PBXBuildFile; fileRef = A2111CFB2420858F00EB6CF3 /* GameScene.sks */; };
		A2111D012420859000EB6CF3 /* GameScene.swift in Sources */ = {isa = PBXBuildFile; fileRef = A2111CFC2420858F00EB6CF3 /* GameScene.swift */; };
		A2111D0524242BE900EB6CF3 /* OptionScene.sks in Resources */ = {isa = PBXBuildFile; fileRef = A2111D0424242BE900EB6CF3 /* OptionScene.sks */; };
		A2111D0724242BFC00EB6CF3 /* OptionScene.swift in Sources */ = {isa = PBXBuildFile; fileRef = A2111D0624242BFC00EB6CF3 /* OptionScene.swift */; };
		A2111D0924242C0D00EB6CF3 /* CreditScene.swift in Sources */ = {isa = PBXBuildFile; fileRef = A2111D0824242C0D00EB6CF3 /* CreditScene.swift */; };
		A2111D0B24242C1B00EB6CF3 /* CreditScene.sks in Resources */ = {isa = PBXBuildFile; fileRef = A2111D0A24242C1B00EB6CF3 /* CreditScene.sks */; };
		A22848C424201C7E003AB097 /* MyTileSet.sks in Resources */ = {isa = PBXBuildFile; fileRef = A22848C324201C7E003AB097 /* MyTileSet.sks */; };
		A22DDBBE2449443100A37E50 /* white-tower.png in Resources */ = {isa = PBXBuildFile; fileRef = A22DDBAA2449442E00A37E50 /* white-tower.png */; };
		A22DDBBF2449443100A37E50 /* swordwoman.png in Resources */ = {isa = PBXBuildFile; fileRef = A22DDBAB2449442F00A37E50 /* swordwoman.png */; };
		A22DDBC02449443100A37E50 /* catapult_icon.png in Resources */ = {isa = PBXBuildFile; fileRef = A22DDBAC2449442F00A37E50 /* catapult_icon.png */; };
		A22DDBC12449443100A37E50 /* play-button.png in Resources */ = {isa = PBXBuildFile; fileRef = A22DDBAD2449442F00A37E50 /* play-button.png */; };
		A22DDBC22449443100A37E50 /* pause-button.png in Resources */ = {isa = PBXBuildFile; fileRef = A22DDBAE2449442F00A37E50 /* pause-button.png */; };
		A22DDBC32449443100A37E50 /* wizard-face.png in Resources */ = {isa = PBXBuildFile; fileRef = A22DDBAF2449442F00A37E50 /* wizard-face.png */; };
		A22DDBC42449443100A37E50 /* catapult.png in Resources */ = {isa = PBXBuildFile; fileRef = A22DDBB02449442F00A37E50 /* catapult.png */; };
		A22DDBC52449443100A37E50 /* stone-tower.png in Resources */ = {isa = PBXBuildFile; fileRef = A22DDBB12449442F00A37E50 /* stone-tower.png */; };
		A22DDBC62449443100A37E50 /* troops.png in Resources */ = {isa = PBXBuildFile; fileRef = A22DDBB22449442F00A37E50 /* troops.png */; };
		A22DDBC72449443100A37E50 /* black-bridge.png in Resources */ = {isa = PBXBuildFile; fileRef = A22DDBB32449442F00A37E50 /* black-bridge.png */; };
		A22DDBC82449443100A37E50 /* knight.png in Resources */ = {isa = PBXBuildFile; fileRef = A22DDBB42449442F00A37E50 /* knight.png */; };
		A22DDBC92449443100A37E50 /* wizard.png in Resources */ = {isa = PBXBuildFile; fileRef = A22DDBB52449443000A37E50 /* wizard.png */; };
		A22DDBCA2449443100A37E50 /* resource.png in Resources */ = {isa = PBXBuildFile; fileRef = A22DDBB62449443000A37E50 /* resource.png */; };
		A22DDBCB2449443100A37E50 /* swordman.png in Resources */ = {isa = PBXBuildFile; fileRef = A22DDBB72449443000A37E50 /* swordman.png */; };
		A22DDBCC2449443100A37E50 /* sword-smithing.png in Resources */ = {isa = PBXBuildFile; fileRef = A22DDBB82449443000A37E50 /* sword-smithing.png */; };
		A22DDBCD2449443100A37E50 /* player-base.png in Resources */ = {isa = PBXBuildFile; fileRef = A22DDBB92449443000A37E50 /* player-base.png */; };
		A22DDBCE2449443100A37E50 /* tower-flag.png in Resources */ = {isa = PBXBuildFile; fileRef = A22DDBBA2449443000A37E50 /* tower-flag.png */; };
		A22DDBCF2449443100A37E50 /* health-normal.png in Resources */ = {isa = PBXBuildFile; fileRef = A22DDBBB2449443000A37E50 /* health-normal.png */; };
		A22DDBD02449443100A37E50 /* village.png in Resources */ = {isa = PBXBuildFile; fileRef = A22DDBBC2449443000A37E50 /* village.png */; };
		A22DDBD12449443100A37E50 /* workshop.png in Resources */ = {isa = PBXBuildFile; fileRef = A22DDBBD2449443000A37E50 /* workshop.png */; };
		A22DDBD82449470400A37E50 /* Unit.swift in Sources */ = {isa = PBXBuildFile; fileRef = A22DDBD22449470400A37E50 /* Unit.swift */; };
		A22DDBD92449470400A37E50 /* Building.swift in Sources */ = {isa = PBXBuildFile; fileRef = A22DDBD32449470400A37E50 /* Building.swift */; };
		A22DDBDA2449470400A37E50 /* GameplayManager.swift in Sources */ = {isa = PBXBuildFile; fileRef = A22DDBD42449470400A37E50 /* GameplayManager.swift */; };
		A22DDBDB2449470400A37E50 /* Enemy.swift in Sources */ = {isa = PBXBuildFile; fileRef = A22DDBD52449470400A37E50 /* Enemy.swift */; };
		A22DDBDC2449470400A37E50 /* Headquarter.swift in Sources */ = {isa = PBXBuildFile; fileRef = A22DDBD62449470400A37E50 /* Headquarter.swift */; };
		A22DDBDD2449470400A37E50 /* Player.swift in Sources */ = {isa = PBXBuildFile; fileRef = A22DDBD72449470400A37E50 /* Player.swift */; };
		A22DDBDF2449568100A37E50 /* EnemyBase.swift in Sources */ = {isa = PBXBuildFile; fileRef = A22DDBDE2449568100A37E50 /* EnemyBase.swift */; };
		A22DDBE12449DBFA00A37E50 /* EnemyUnit.swift in Sources */ = {isa = PBXBuildFile; fileRef = A22DDBE02449DBFA00A37E50 /* EnemyUnit.swift */; };
		A22DDBE42449F77100A37E50 /* UnitInfoPopup.swift in Sources */ = {isa = PBXBuildFile; fileRef = A22DDBE32449F77100A37E50 /* UnitInfoPopup.swift */; };
		A22DDBE62449FED800A37E50 /* PopupNode.swift in Sources */ = {isa = PBXBuildFile; fileRef = A22DDBE52449FED800A37E50 /* PopupNode.swift */; };
		A24697F923EE6AF30000D5CA /* AppDelegate.swift in Sources */ = {isa = PBXBuildFile; fileRef = A24697F823EE6AF30000D5CA /* AppDelegate.swift */; };
		A24697FD23EE6AF30000D5CA /* Actions.sks in Resources */ = {isa = PBXBuildFile; fileRef = A24697FC23EE6AF30000D5CA /* Actions.sks */; };
		A246980123EE6AF30000D5CA /* GameViewController.swift in Sources */ = {isa = PBXBuildFile; fileRef = A246980023EE6AF30000D5CA /* GameViewController.swift */; };
		A246980423EE6AF30000D5CA /* Main.storyboard in Resources */ = {isa = PBXBuildFile; fileRef = A246980223EE6AF30000D5CA /* Main.storyboard */; };
		A246980623EE6AF70000D5CA /* Assets.xcassets in Resources */ = {isa = PBXBuildFile; fileRef = A246980523EE6AF70000D5CA /* Assets.xcassets */; };
		A246980923EE6AF70000D5CA /* LaunchScreen.storyboard in Resources */ = {isa = PBXBuildFile; fileRef = A246980723EE6AF70000D5CA /* LaunchScreen.storyboard */; };
		A246981423EE6AF80000D5CA /* IOSWarsTests.swift in Sources */ = {isa = PBXBuildFile; fileRef = A246981323EE6AF80000D5CA /* IOSWarsTests.swift */; };
		A246981F23EE6AF80000D5CA /* IOSWarsUITests.swift in Sources */ = {isa = PBXBuildFile; fileRef = A246981E23EE6AF80000D5CA /* IOSWarsUITests.swift */; };
		A2A8C45D24244C160096D831 /* AttackScene.swift in Sources */ = {isa = PBXBuildFile; fileRef = A2A8C45C24244C160096D831 /* AttackScene.swift */; };
		A2A8C45F24244C300096D831 /* WorkshopScene.swift in Sources */ = {isa = PBXBuildFile; fileRef = A2A8C45E24244C300096D831 /* WorkshopScene.swift */; };
		A2A8C46224244F760096D831 /* ModelActor.swift in Sources */ = {isa = PBXBuildFile; fileRef = A2A8C46124244F760096D831 /* ModelActor.swift */; };
		A2A8C464242450130096D831 /* UnitPriceNode.swift in Sources */ = {isa = PBXBuildFile; fileRef = A2A8C463242450130096D831 /* UnitPriceNode.swift */; };
		A2A8C4662424687C0096D831 /* TroopAttackNode.swift in Sources */ = {isa = PBXBuildFile; fileRef = A2A8C4652424687C0096D831 /* TroopAttackNode.swift */; };
		A2A8C4692424696E0096D831 /* StatNode.swift in Sources */ = {isa = PBXBuildFile; fileRef = A2A8C4682424696E0096D831 /* StatNode.swift */; };
		A2A8C46B24246A470096D831 /* TitleTextNode.swift in Sources */ = {isa = PBXBuildFile; fileRef = A2A8C46A24246A470096D831 /* TitleTextNode.swift */; };
		A2A8C46D24246C200096D831 /* UnitNode.swift in Sources */ = {isa = PBXBuildFile; fileRef = A2A8C46C24246C200096D831 /* UnitNode.swift */; };
		A2A8C473242507120096D831 /* soldier.png in Resources */ = {isa = PBXBuildFile; fileRef = A2A8C46E242507120096D831 /* soldier.png */; };
		A2A8C474242507120096D831 /* catapult2.png in Resources */ = {isa = PBXBuildFile; fileRef = A2A8C46F242507120096D831 /* catapult2.png */; };
		A2A8C475242507120096D831 /* priest.png in Resources */ = {isa = PBXBuildFile; fileRef = A2A8C470242507120096D831 /* priest.png */; };
		A2A8C476242507120096D831 /* knight2.png in Resources */ = {isa = PBXBuildFile; fileRef = A2A8C471242507120096D831 /* knight2.png */; };
		A2A8C477242507120096D831 /* tank.png in Resources */ = {isa = PBXBuildFile; fileRef = A2A8C472242507120096D831 /* tank.png */; };
		A2AB6C80243F5731007AA492 /* catapult-20@2x.png in Resources */ = {isa = PBXBuildFile; fileRef = A2AB6C6E243F5730007AA492 /* catapult-20@2x.png */; };
		A2AB6C81243F5731007AA492 /* catapult-20@3x.png in Resources */ = {isa = PBXBuildFile; fileRef = A2AB6C6F243F5730007AA492 /* catapult-20@3x.png */; };
		A2AB6C82243F5731007AA492 /* catapult-1024.png in Resources */ = {isa = PBXBuildFile; fileRef = A2AB6C70243F5730007AA492 /* catapult-1024.png */; };
		A2AB6C83243F5731007AA492 /* catapult-40.png in Resources */ = {isa = PBXBuildFile; fileRef = A2AB6C71243F5730007AA492 /* catapult-40.png */; };
		A2AB6C84243F5731007AA492 /* catapult-20.png in Resources */ = {isa = PBXBuildFile; fileRef = A2AB6C72243F5731007AA492 /* catapult-20.png */; };
		A2AB6C85243F5731007AA492 /* catapult-40@3x.png in Resources */ = {isa = PBXBuildFile; fileRef = A2AB6C73243F5731007AA492 /* catapult-40@3x.png */; };
		A2AB6C86243F5731007AA492 /* catapult-29.png in Resources */ = {isa = PBXBuildFile; fileRef = A2AB6C74243F5731007AA492 /* catapult-29.png */; };
		A2AB6C87243F5731007AA492 /* Contents.json in Resources */ = {isa = PBXBuildFile; fileRef = A2AB6C75243F5731007AA492 /* Contents.json */; };
		A2AB6C88243F5731007AA492 /* catapult-40@2x.png in Resources */ = {isa = PBXBuildFile; fileRef = A2AB6C76243F5731007AA492 /* catapult-40@2x.png */; };
		A2AB6C89243F5731007AA492 /* catapult-76@2x.png in Resources */ = {isa = PBXBuildFile; fileRef = A2AB6C77243F5731007AA492 /* catapult-76@2x.png */; };
		A2AB6C8A243F5731007AA492 /* catapult-83.5@2x.png in Resources */ = {isa = PBXBuildFile; fileRef = A2AB6C78243F5731007AA492 /* catapult-83.5@2x.png */; };
		A2AB6C8B243F5731007AA492 /* catapult-60@2x.png in Resources */ = {isa = PBXBuildFile; fileRef = A2AB6C79243F5731007AA492 /* catapult-60@2x.png */; };
		A2AB6C8C243F5731007AA492 /* catapult-29@3x.png in Resources */ = {isa = PBXBuildFile; fileRef = A2AB6C7A243F5731007AA492 /* catapult-29@3x.png */; };
		A2AB6C8D243F5731007AA492 /* catapult-29@2x.png in Resources */ = {isa = PBXBuildFile; fileRef = A2AB6C7B243F5731007AA492 /* catapult-29@2x.png */; };
		A2AB6C8E243F5731007AA492 /* catapult-76.png in Resources */ = {isa = PBXBuildFile; fileRef = A2AB6C7C243F5731007AA492 /* catapult-76.png */; };
		A2AB6C8F243F5731007AA492 /* catapult-60@3x.png in Resources */ = {isa = PBXBuildFile; fileRef = A2AB6C7D243F5731007AA492 /* catapult-60@3x.png */; };
		A2AB6C91243F5731007AA492 /* catapult_appstore.jpg in Resources */ = {isa = PBXBuildFile; fileRef = A2AB6C7F243F5731007AA492 /* catapult_appstore.jpg */; };
/* End PBXBuildFile section */

/* Begin PBXContainerItemProxy section */
		A246981023EE6AF80000D5CA /* PBXContainerItemProxy */ = {
			isa = PBXContainerItemProxy;
			containerPortal = A24697ED23EE6AF30000D5CA /* Project object */;
			proxyType = 1;
			remoteGlobalIDString = A24697F423EE6AF30000D5CA;
			remoteInfo = IOSWars;
		};
		A246981B23EE6AF80000D5CA /* PBXContainerItemProxy */ = {
			isa = PBXContainerItemProxy;
			containerPortal = A24697ED23EE6AF30000D5CA /* Project object */;
			proxyType = 1;
			remoteGlobalIDString = A24697F423EE6AF30000D5CA;
			remoteInfo = IOSWars;
		};
/* End PBXContainerItemProxy section */

/* Begin PBXFileReference section */
		3C88955D2448ADCE004C1719 /* song.mp3 */ = {isa = PBXFileReference; lastKnownFileType = audio.mp3; path = song.mp3; sourceTree = "<group>"; };
		3C88955F2448AFC2004C1719 /* SplashScene.swift */ = {isa = PBXFileReference; fileEncoding = 4; lastKnownFileType = sourcecode.swift; path = SplashScene.swift; sourceTree = "<group>"; };
		3CB3C56624489F16003F3DF6 /* test.mp3 */ = {isa = PBXFileReference; lastKnownFileType = audio.mp3; path = test.mp3; sourceTree = "<group>"; };
		3CB3C56924489F29003F3DF6 /* Audio.swift */ = {isa = PBXFileReference; fileEncoding = 4; lastKnownFileType = sourcecode.swift; path = Audio.swift; sourceTree = "<group>"; };
		A2111CF82420858F00EB6CF3 /* MainMenuScene.sks */ = {isa = PBXFileReference; lastKnownFileType = file.sks; path = MainMenuScene.sks; sourceTree = "<group>"; };
		A2111CF92420858F00EB6CF3 /* MainMenuScene.swift */ = {isa = PBXFileReference; fileEncoding = 4; lastKnownFileType = sourcecode.swift; path = MainMenuScene.swift; sourceTree = "<group>"; };
		A2111CFA2420858F00EB6CF3 /* SplashScene.sks */ = {isa = PBXFileReference; lastKnownFileType = file.sks; path = SplashScene.sks; sourceTree = "<group>"; };
		A2111CFB2420858F00EB6CF3 /* GameScene.sks */ = {isa = PBXFileReference; lastKnownFileType = file.sks; path = GameScene.sks; sourceTree = "<group>"; };
		A2111CFC2420858F00EB6CF3 /* GameScene.swift */ = {isa = PBXFileReference; fileEncoding = 4; lastKnownFileType = sourcecode.swift; path = GameScene.swift; sourceTree = "<group>"; };
		A2111D0424242BE900EB6CF3 /* OptionScene.sks */ = {isa = PBXFileReference; lastKnownFileType = file.sks; path = OptionScene.sks; sourceTree = "<group>"; };
		A2111D0624242BFC00EB6CF3 /* OptionScene.swift */ = {isa = PBXFileReference; lastKnownFileType = sourcecode.swift; path = OptionScene.swift; sourceTree = "<group>"; };
		A2111D0824242C0D00EB6CF3 /* CreditScene.swift */ = {isa = PBXFileReference; lastKnownFileType = sourcecode.swift; path = CreditScene.swift; sourceTree = "<group>"; };
		A2111D0A24242C1B00EB6CF3 /* CreditScene.sks */ = {isa = PBXFileReference; lastKnownFileType = file.sks; path = CreditScene.sks; sourceTree = "<group>"; };
		A22848C324201C7E003AB097 /* MyTileSet.sks */ = {isa = PBXFileReference; lastKnownFileType = file.sks; path = MyTileSet.sks; sourceTree = "<group>"; };
		A22DDBAA2449442E00A37E50 /* white-tower.png */ = {isa = PBXFileReference; lastKnownFileType = image.png; path = "white-tower.png"; sourceTree = "<group>"; };
		A22DDBAB2449442F00A37E50 /* swordwoman.png */ = {isa = PBXFileReference; lastKnownFileType = image.png; path = swordwoman.png; sourceTree = "<group>"; };
		A22DDBAC2449442F00A37E50 /* catapult_icon.png */ = {isa = PBXFileReference; lastKnownFileType = image.png; path = catapult_icon.png; sourceTree = "<group>"; };
		A22DDBAD2449442F00A37E50 /* play-button.png */ = {isa = PBXFileReference; lastKnownFileType = image.png; path = "play-button.png"; sourceTree = "<group>"; };
		A22DDBAE2449442F00A37E50 /* pause-button.png */ = {isa = PBXFileReference; lastKnownFileType = image.png; path = "pause-button.png"; sourceTree = "<group>"; };
		A22DDBAF2449442F00A37E50 /* wizard-face.png */ = {isa = PBXFileReference; lastKnownFileType = image.png; path = "wizard-face.png"; sourceTree = "<group>"; };
		A22DDBB02449442F00A37E50 /* catapult.png */ = {isa = PBXFileReference; lastKnownFileType = image.png; path = catapult.png; sourceTree = "<group>"; };
		A22DDBB12449442F00A37E50 /* stone-tower.png */ = {isa = PBXFileReference; lastKnownFileType = image.png; path = "stone-tower.png"; sourceTree = "<group>"; };
		A22DDBB22449442F00A37E50 /* troops.png */ = {isa = PBXFileReference; lastKnownFileType = image.png; path = troops.png; sourceTree = "<group>"; };
		A22DDBB32449442F00A37E50 /* black-bridge.png */ = {isa = PBXFileReference; lastKnownFileType = image.png; path = "black-bridge.png"; sourceTree = "<group>"; };
		A22DDBB42449442F00A37E50 /* knight.png */ = {isa = PBXFileReference; lastKnownFileType = image.png; path = knight.png; sourceTree = "<group>"; };
		A22DDBB52449443000A37E50 /* wizard.png */ = {isa = PBXFileReference; lastKnownFileType = image.png; path = wizard.png; sourceTree = "<group>"; };
		A22DDBB62449443000A37E50 /* resource.png */ = {isa = PBXFileReference; lastKnownFileType = image.png; path = resource.png; sourceTree = "<group>"; };
		A22DDBB72449443000A37E50 /* swordman.png */ = {isa = PBXFileReference; lastKnownFileType = image.png; path = swordman.png; sourceTree = "<group>"; };
		A22DDBB82449443000A37E50 /* sword-smithing.png */ = {isa = PBXFileReference; lastKnownFileType = image.png; path = "sword-smithing.png"; sourceTree = "<group>"; };
		A22DDBB92449443000A37E50 /* player-base.png */ = {isa = PBXFileReference; lastKnownFileType = image.png; path = "player-base.png"; sourceTree = "<group>"; };
		A22DDBBA2449443000A37E50 /* tower-flag.png */ = {isa = PBXFileReference; lastKnownFileType = image.png; path = "tower-flag.png"; sourceTree = "<group>"; };
		A22DDBBB2449443000A37E50 /* health-normal.png */ = {isa = PBXFileReference; lastKnownFileType = image.png; path = "health-normal.png"; sourceTree = "<group>"; };
		A22DDBBC2449443000A37E50 /* village.png */ = {isa = PBXFileReference; lastKnownFileType = image.png; path = village.png; sourceTree = "<group>"; };
		A22DDBBD2449443000A37E50 /* workshop.png */ = {isa = PBXFileReference; lastKnownFileType = image.png; path = workshop.png; sourceTree = "<group>"; };
		A22DDBD22449470400A37E50 /* Unit.swift */ = {isa = PBXFileReference; fileEncoding = 4; lastKnownFileType = sourcecode.swift; path = Unit.swift; sourceTree = "<group>"; };
		A22DDBD32449470400A37E50 /* Building.swift */ = {isa = PBXFileReference; fileEncoding = 4; lastKnownFileType = sourcecode.swift; path = Building.swift; sourceTree = "<group>"; };
		A22DDBD42449470400A37E50 /* GameplayManager.swift */ = {isa = PBXFileReference; fileEncoding = 4; lastKnownFileType = sourcecode.swift; path = GameplayManager.swift; sourceTree = "<group>"; };
		A22DDBD52449470400A37E50 /* Enemy.swift */ = {isa = PBXFileReference; fileEncoding = 4; lastKnownFileType = sourcecode.swift; path = Enemy.swift; sourceTree = "<group>"; };
		A22DDBD62449470400A37E50 /* Headquarter.swift */ = {isa = PBXFileReference; fileEncoding = 4; lastKnownFileType = sourcecode.swift; path = Headquarter.swift; sourceTree = "<group>"; };
		A22DDBD72449470400A37E50 /* Player.swift */ = {isa = PBXFileReference; fileEncoding = 4; lastKnownFileType = sourcecode.swift; path = Player.swift; sourceTree = "<group>"; };
		A22DDBDE2449568100A37E50 /* EnemyBase.swift */ = {isa = PBXFileReference; lastKnownFileType = sourcecode.swift; path = EnemyBase.swift; sourceTree = "<group>"; };
		A22DDBE02449DBFA00A37E50 /* EnemyUnit.swift */ = {isa = PBXFileReference; lastKnownFileType = sourcecode.swift; path = EnemyUnit.swift; sourceTree = "<group>"; };
		A22DDBE32449F77100A37E50 /* UnitInfoPopup.swift */ = {isa = PBXFileReference; lastKnownFileType = sourcecode.swift; path = UnitInfoPopup.swift; sourceTree = "<group>"; };
		A22DDBE52449FED800A37E50 /* PopupNode.swift */ = {isa = PBXFileReference; lastKnownFileType = sourcecode.swift; path = PopupNode.swift; sourceTree = "<group>"; };
		A24697F523EE6AF30000D5CA /* SmallWars.app */ = {isa = PBXFileReference; explicitFileType = wrapper.application; includeInIndex = 0; path = SmallWars.app; sourceTree = BUILT_PRODUCTS_DIR; };
		A24697F823EE6AF30000D5CA /* AppDelegate.swift */ = {isa = PBXFileReference; lastKnownFileType = sourcecode.swift; path = AppDelegate.swift; sourceTree = "<group>"; };
		A24697FC23EE6AF30000D5CA /* Actions.sks */ = {isa = PBXFileReference; lastKnownFileType = file.sks; path = Actions.sks; sourceTree = "<group>"; };
		A246980023EE6AF30000D5CA /* GameViewController.swift */ = {isa = PBXFileReference; lastKnownFileType = sourcecode.swift; path = GameViewController.swift; sourceTree = "<group>"; };
		A246980323EE6AF30000D5CA /* Base */ = {isa = PBXFileReference; lastKnownFileType = file.storyboard; name = Base; path = Base.lproj/Main.storyboard; sourceTree = "<group>"; };
		A246980523EE6AF70000D5CA /* Assets.xcassets */ = {isa = PBXFileReference; lastKnownFileType = folder.assetcatalog; path = Assets.xcassets; sourceTree = "<group>"; };
		A246980823EE6AF70000D5CA /* Base */ = {isa = PBXFileReference; lastKnownFileType = file.storyboard; name = Base; path = Base.lproj/LaunchScreen.storyboard; sourceTree = "<group>"; };
		A246980A23EE6AF70000D5CA /* Info.plist */ = {isa = PBXFileReference; lastKnownFileType = text.plist.xml; path = Info.plist; sourceTree = "<group>"; };
		A246980F23EE6AF80000D5CA /* IOSWarsTests.xctest */ = {isa = PBXFileReference; explicitFileType = wrapper.cfbundle; includeInIndex = 0; path = IOSWarsTests.xctest; sourceTree = BUILT_PRODUCTS_DIR; };
		A246981323EE6AF80000D5CA /* IOSWarsTests.swift */ = {isa = PBXFileReference; lastKnownFileType = sourcecode.swift; path = IOSWarsTests.swift; sourceTree = "<group>"; };
		A246981523EE6AF80000D5CA /* Info.plist */ = {isa = PBXFileReference; lastKnownFileType = text.plist.xml; path = Info.plist; sourceTree = "<group>"; };
		A246981A23EE6AF80000D5CA /* IOSWarsUITests.xctest */ = {isa = PBXFileReference; explicitFileType = wrapper.cfbundle; includeInIndex = 0; path = IOSWarsUITests.xctest; sourceTree = BUILT_PRODUCTS_DIR; };
		A246981E23EE6AF80000D5CA /* IOSWarsUITests.swift */ = {isa = PBXFileReference; lastKnownFileType = sourcecode.swift; path = IOSWarsUITests.swift; sourceTree = "<group>"; };
		A246982023EE6AF80000D5CA /* Info.plist */ = {isa = PBXFileReference; lastKnownFileType = text.plist.xml; path = Info.plist; sourceTree = "<group>"; };
		A2A8C45C24244C160096D831 /* AttackScene.swift */ = {isa = PBXFileReference; lastKnownFileType = sourcecode.swift; path = AttackScene.swift; sourceTree = "<group>"; };
		A2A8C45E24244C300096D831 /* WorkshopScene.swift */ = {isa = PBXFileReference; lastKnownFileType = sourcecode.swift; path = WorkshopScene.swift; sourceTree = "<group>"; };
		A2A8C46124244F760096D831 /* ModelActor.swift */ = {isa = PBXFileReference; fileEncoding = 4; lastKnownFileType = sourcecode.swift; path = ModelActor.swift; sourceTree = "<group>"; };
		A2A8C463242450130096D831 /* UnitPriceNode.swift */ = {isa = PBXFileReference; lastKnownFileType = sourcecode.swift; path = UnitPriceNode.swift; sourceTree = "<group>"; };
		A2A8C4652424687C0096D831 /* TroopAttackNode.swift */ = {isa = PBXFileReference; lastKnownFileType = sourcecode.swift; path = TroopAttackNode.swift; sourceTree = "<group>"; };
		A2A8C4682424696E0096D831 /* StatNode.swift */ = {isa = PBXFileReference; lastKnownFileType = sourcecode.swift; path = StatNode.swift; sourceTree = "<group>"; };
		A2A8C46A24246A470096D831 /* TitleTextNode.swift */ = {isa = PBXFileReference; lastKnownFileType = sourcecode.swift; path = TitleTextNode.swift; sourceTree = "<group>"; };
		A2A8C46C24246C200096D831 /* UnitNode.swift */ = {isa = PBXFileReference; lastKnownFileType = sourcecode.swift; path = UnitNode.swift; sourceTree = "<group>"; };
		A2A8C46E242507120096D831 /* soldier.png */ = {isa = PBXFileReference; lastKnownFileType = image.png; path = soldier.png; sourceTree = "<group>"; };
		A2A8C46F242507120096D831 /* catapult2.png */ = {isa = PBXFileReference; lastKnownFileType = image.png; path = catapult2.png; sourceTree = "<group>"; };
		A2A8C470242507120096D831 /* priest.png */ = {isa = PBXFileReference; lastKnownFileType = image.png; path = priest.png; sourceTree = "<group>"; };
		A2A8C471242507120096D831 /* knight2.png */ = {isa = PBXFileReference; lastKnownFileType = image.png; path = knight2.png; sourceTree = "<group>"; };
		A2A8C472242507120096D831 /* tank.png */ = {isa = PBXFileReference; lastKnownFileType = image.png; path = tank.png; sourceTree = "<group>"; };
		A2AB6C6E243F5730007AA492 /* catapult-20@2x.png */ = {isa = PBXFileReference; lastKnownFileType = image.png; path = "catapult-20@2x.png"; sourceTree = "<group>"; };
		A2AB6C6F243F5730007AA492 /* catapult-20@3x.png */ = {isa = PBXFileReference; lastKnownFileType = image.png; path = "catapult-20@3x.png"; sourceTree = "<group>"; };
		A2AB6C70243F5730007AA492 /* catapult-1024.png */ = {isa = PBXFileReference; lastKnownFileType = image.png; path = "catapult-1024.png"; sourceTree = "<group>"; };
		A2AB6C71243F5730007AA492 /* catapult-40.png */ = {isa = PBXFileReference; lastKnownFileType = image.png; path = "catapult-40.png"; sourceTree = "<group>"; };
		A2AB6C72243F5731007AA492 /* catapult-20.png */ = {isa = PBXFileReference; lastKnownFileType = image.png; path = "catapult-20.png"; sourceTree = "<group>"; };
		A2AB6C73243F5731007AA492 /* catapult-40@3x.png */ = {isa = PBXFileReference; lastKnownFileType = image.png; path = "catapult-40@3x.png"; sourceTree = "<group>"; };
		A2AB6C74243F5731007AA492 /* catapult-29.png */ = {isa = PBXFileReference; lastKnownFileType = image.png; path = "catapult-29.png"; sourceTree = "<group>"; };
		A2AB6C75243F5731007AA492 /* Contents.json */ = {isa = PBXFileReference; fileEncoding = 4; lastKnownFileType = text.json; path = Contents.json; sourceTree = "<group>"; };
		A2AB6C76243F5731007AA492 /* catapult-40@2x.png */ = {isa = PBXFileReference; lastKnownFileType = image.png; path = "catapult-40@2x.png"; sourceTree = "<group>"; };
		A2AB6C77243F5731007AA492 /* catapult-76@2x.png */ = {isa = PBXFileReference; lastKnownFileType = image.png; path = "catapult-76@2x.png"; sourceTree = "<group>"; };
		A2AB6C78243F5731007AA492 /* catapult-83.5@2x.png */ = {isa = PBXFileReference; lastKnownFileType = image.png; path = "catapult-83.5@2x.png"; sourceTree = "<group>"; };
		A2AB6C79243F5731007AA492 /* catapult-60@2x.png */ = {isa = PBXFileReference; lastKnownFileType = image.png; path = "catapult-60@2x.png"; sourceTree = "<group>"; };
		A2AB6C7A243F5731007AA492 /* catapult-29@3x.png */ = {isa = PBXFileReference; lastKnownFileType = image.png; path = "catapult-29@3x.png"; sourceTree = "<group>"; };
		A2AB6C7B243F5731007AA492 /* catapult-29@2x.png */ = {isa = PBXFileReference; lastKnownFileType = image.png; path = "catapult-29@2x.png"; sourceTree = "<group>"; };
		A2AB6C7C243F5731007AA492 /* catapult-76.png */ = {isa = PBXFileReference; lastKnownFileType = image.png; path = "catapult-76.png"; sourceTree = "<group>"; };
		A2AB6C7D243F5731007AA492 /* catapult-60@3x.png */ = {isa = PBXFileReference; lastKnownFileType = image.png; path = "catapult-60@3x.png"; sourceTree = "<group>"; };
		A2AB6C7F243F5731007AA492 /* catapult_appstore.jpg */ = {isa = PBXFileReference; lastKnownFileType = image.jpeg; path = catapult_appstore.jpg; sourceTree = "<group>"; };
/* End PBXFileReference section */

/* Begin PBXFrameworksBuildPhase section */
		A24697F223EE6AF30000D5CA /* Frameworks */ = {
			isa = PBXFrameworksBuildPhase;
			buildActionMask = 2147483647;
			files = (
			);
			runOnlyForDeploymentPostprocessing = 0;
		};
		A246980C23EE6AF80000D5CA /* Frameworks */ = {
			isa = PBXFrameworksBuildPhase;
			buildActionMask = 2147483647;
			files = (
			);
			runOnlyForDeploymentPostprocessing = 0;
		};
		A246981723EE6AF80000D5CA /* Frameworks */ = {
			isa = PBXFrameworksBuildPhase;
			buildActionMask = 2147483647;
			files = (
			);
			runOnlyForDeploymentPostprocessing = 0;
		};
/* End PBXFrameworksBuildPhase section */

/* Begin PBXGroup section */
		3CB3C56524489F16003F3DF6 /* Sounds */ = {
			isa = PBXGroup;
			children = (
				3C88955D2448ADCE004C1719 /* song.mp3 */,
				3CB3C56624489F16003F3DF6 /* test.mp3 */,
			);
			path = Sounds;
			sourceTree = "<group>";
		};
		3CB3C56824489F29003F3DF6 /* Systems */ = {
			isa = PBXGroup;
			children = (
				3CB3C56924489F29003F3DF6 /* Audio.swift */,
			);
			path = Systems;
			sourceTree = "<group>";
		};
		A2111CF72420858F00EB6CF3 /* Scenes */ = {
			isa = PBXGroup;
			children = (
				A2A8C45B24244BE50096D831 /* GameScene */,
				A2111CF82420858F00EB6CF3 /* MainMenuScene.sks */,
				A2111CF92420858F00EB6CF3 /* MainMenuScene.swift */,
				A2111CFA2420858F00EB6CF3 /* SplashScene.sks */,
				3C88955F2448AFC2004C1719 /* SplashScene.swift */,
				A2111CFB2420858F00EB6CF3 /* GameScene.sks */,
				A2111CFC2420858F00EB6CF3 /* GameScene.swift */,
				A2111D0424242BE900EB6CF3 /* OptionScene.sks */,
				A2111D0624242BFC00EB6CF3 /* OptionScene.swift */,
				A2111D0A24242C1B00EB6CF3 /* CreditScene.sks */,
				A2111D0824242C0D00EB6CF3 /* CreditScene.swift */,
			);
			path = Scenes;
			sourceTree = "<group>";
		};
		A22DDBE22449F71500A37E50 /* Popups */ = {
			isa = PBXGroup;
			children = (
				A22DDBE32449F77100A37E50 /* UnitInfoPopup.swift */,
			);
			path = Popups;
			sourceTree = "<group>";
		};
		A24697EC23EE6AF30000D5CA = {
			isa = PBXGroup;
			children = (
				A24697F723EE6AF30000D5CA /* IOSWars */,
				A246981223EE6AF80000D5CA /* IOSWarsTests */,
				A246981D23EE6AF80000D5CA /* IOSWarsUITests */,
				A24697F623EE6AF30000D5CA /* Products */,
			);
			sourceTree = "<group>";
		};
		A24697F623EE6AF30000D5CA /* Products */ = {
			isa = PBXGroup;
			children = (
				A24697F523EE6AF30000D5CA /* SmallWars.app */,
				A246980F23EE6AF80000D5CA /* IOSWarsTests.xctest */,
				A246981A23EE6AF80000D5CA /* IOSWarsUITests.xctest */,
			);
			name = Products;
			sourceTree = "<group>";
		};
		A24697F723EE6AF30000D5CA /* IOSWars */ = {
			isa = PBXGroup;
			children = (
				3CB3C56824489F29003F3DF6 /* Systems */,
				3CB3C56524489F16003F3DF6 /* Sounds */,
				A2AB6C6B243F5730007AA492 /* Icons */,
				A2A8C467242468E10096D831 /* Images */,
				A2A8C46024244F1C0096D831 /* Actors */,
				A2111CF72420858F00EB6CF3 /* Scenes */,
				A24697F823EE6AF30000D5CA /* AppDelegate.swift */,
				A24697FC23EE6AF30000D5CA /* Actions.sks */,
				A246980023EE6AF30000D5CA /* GameViewController.swift */,
				A246980223EE6AF30000D5CA /* Main.storyboard */,
				A246980523EE6AF70000D5CA /* Assets.xcassets */,
				A246980723EE6AF70000D5CA /* LaunchScreen.storyboard */,
				A246980A23EE6AF70000D5CA /* Info.plist */,
				A22848C324201C7E003AB097 /* MyTileSet.sks */,
			);
			path = IOSWars;
			sourceTree = "<group>";
		};
		A246981223EE6AF80000D5CA /* IOSWarsTests */ = {
			isa = PBXGroup;
			children = (
				A246981323EE6AF80000D5CA /* IOSWarsTests.swift */,
				A246981523EE6AF80000D5CA /* Info.plist */,
			);
			path = IOSWarsTests;
			sourceTree = "<group>";
		};
		A246981D23EE6AF80000D5CA /* IOSWarsUITests */ = {
			isa = PBXGroup;
			children = (
				A246981E23EE6AF80000D5CA /* IOSWarsUITests.swift */,
				A246982023EE6AF80000D5CA /* Info.plist */,
			);
			path = IOSWarsUITests;
			sourceTree = "<group>";
		};
		A2A8C45B24244BE50096D831 /* GameScene */ = {
			isa = PBXGroup;
			children = (
				A22DDBE22449F71500A37E50 /* Popups */,
				A22DDBD32449470400A37E50 /* Building.swift */,
				A22DDBD52449470400A37E50 /* Enemy.swift */,
				A22DDBD42449470400A37E50 /* GameplayManager.swift */,
				A22DDBD62449470400A37E50 /* Headquarter.swift */,
				A22DDBD72449470400A37E50 /* Player.swift */,
				A22DDBD22449470400A37E50 /* Unit.swift */,
				A2A8C45C24244C160096D831 /* AttackScene.swift */,
				A2A8C45E24244C300096D831 /* WorkshopScene.swift */,
				A22DDBDE2449568100A37E50 /* EnemyBase.swift */,
				A22DDBE02449DBFA00A37E50 /* EnemyUnit.swift */,
			);
			path = GameScene;
			sourceTree = "<group>";
		};
		A2A8C46024244F1C0096D831 /* Actors */ = {
			isa = PBXGroup;
			children = (
				A2A8C46124244F760096D831 /* ModelActor.swift */,
				A2A8C463242450130096D831 /* UnitPriceNode.swift */,
				A2A8C4652424687C0096D831 /* TroopAttackNode.swift */,
				A2A8C4682424696E0096D831 /* StatNode.swift */,
				A2A8C46A24246A470096D831 /* TitleTextNode.swift */,
				A2A8C46C24246C200096D831 /* UnitNode.swift */,
				A22DDBE52449FED800A37E50 /* PopupNode.swift */,
			);
			path = Actors;
			sourceTree = "<group>";
		};
		A2A8C467242468E10096D831 /* Images */ = {
			isa = PBXGroup;
			children = (
				A2AB6C7F243F5731007AA492 /* catapult_appstore.jpg */,
			);
			path = Images;
			sourceTree = "<group>";
		};
		A2AB6C6B243F5730007AA492 /* Icons */ = {
			isa = PBXGroup;
			children = (
				A2AB6C6C243F5730007AA492 /* iOS */,
				A22DDBB32449442F00A37E50 /* black-bridge.png */,
				A22DDBAC2449442F00A37E50 /* catapult_icon.png */,
				A22DDBB02449442F00A37E50 /* catapult.png */,
				A2A8C46F242507120096D831 /* catapult2.png */,
				A22DDBBB2449443000A37E50 /* health-normal.png */,
				A22DDBB42449442F00A37E50 /* knight.png */,
				A2A8C471242507120096D831 /* knight2.png */,
				A22DDBAE2449442F00A37E50 /* pause-button.png */,
				A22DDBAD2449442F00A37E50 /* play-button.png */,
				A22DDBB92449443000A37E50 /* player-base.png */,
				A2A8C470242507120096D831 /* priest.png */,
				A22DDBB62449443000A37E50 /* resource.png */,
				A2A8C46E242507120096D831 /* soldier.png */,
				A22DDBB12449442F00A37E50 /* stone-tower.png */,
				A22DDBB82449443000A37E50 /* sword-smithing.png */,
				A22DDBB72449443000A37E50 /* swordman.png */,
				A22DDBAB2449442F00A37E50 /* swordwoman.png */,
				A2A8C472242507120096D831 /* tank.png */,
				A22DDBBA2449443000A37E50 /* tower-flag.png */,
				A22DDBB22449442F00A37E50 /* troops.png */,
				A22DDBBC2449443000A37E50 /* village.png */,
				A22DDBAA2449442E00A37E50 /* white-tower.png */,
				A22DDBAF2449442F00A37E50 /* wizard-face.png */,
				A22DDBB52449443000A37E50 /* wizard.png */,
				A22DDBBD2449443000A37E50 /* workshop.png */,
			);
			path = Icons;
			sourceTree = "<group>";
		};
		A2AB6C6C243F5730007AA492 /* iOS */ = {
			isa = PBXGroup;
			children = (
				A2AB6C6D243F5730007AA492 /* AppIcon.appiconset */,
			);
			path = iOS;
			sourceTree = "<group>";
		};
		A2AB6C6D243F5730007AA492 /* AppIcon.appiconset */ = {
			isa = PBXGroup;
			children = (
				A2AB6C6E243F5730007AA492 /* catapult-20@2x.png */,
				A2AB6C6F243F5730007AA492 /* catapult-20@3x.png */,
				A2AB6C70243F5730007AA492 /* catapult-1024.png */,
				A2AB6C71243F5730007AA492 /* catapult-40.png */,
				A2AB6C72243F5731007AA492 /* catapult-20.png */,
				A2AB6C73243F5731007AA492 /* catapult-40@3x.png */,
				A2AB6C74243F5731007AA492 /* catapult-29.png */,
				A2AB6C75243F5731007AA492 /* Contents.json */,
				A2AB6C76243F5731007AA492 /* catapult-40@2x.png */,
				A2AB6C77243F5731007AA492 /* catapult-76@2x.png */,
				A2AB6C78243F5731007AA492 /* catapult-83.5@2x.png */,
				A2AB6C79243F5731007AA492 /* catapult-60@2x.png */,
				A2AB6C7A243F5731007AA492 /* catapult-29@3x.png */,
				A2AB6C7B243F5731007AA492 /* catapult-29@2x.png */,
				A2AB6C7C243F5731007AA492 /* catapult-76.png */,
				A2AB6C7D243F5731007AA492 /* catapult-60@3x.png */,
			);
			path = AppIcon.appiconset;
			sourceTree = "<group>";
		};
/* End PBXGroup section */

/* Begin PBXNativeTarget section */
		A24697F423EE6AF30000D5CA /* IOSWars */ = {
			isa = PBXNativeTarget;
			buildConfigurationList = A246982323EE6AF80000D5CA /* Build configuration list for PBXNativeTarget "IOSWars" */;
			buildPhases = (
				A24697F123EE6AF30000D5CA /* Sources */,
				A24697F223EE6AF30000D5CA /* Frameworks */,
				A24697F323EE6AF30000D5CA /* Resources */,
			);
			buildRules = (
			);
			dependencies = (
			);
			name = IOSWars;
			productName = IOSWars;
			productReference = A24697F523EE6AF30000D5CA /* SmallWars.app */;
			productType = "com.apple.product-type.application";
		};
		A246980E23EE6AF80000D5CA /* IOSWarsTests */ = {
			isa = PBXNativeTarget;
			buildConfigurationList = A246982623EE6AF80000D5CA /* Build configuration list for PBXNativeTarget "IOSWarsTests" */;
			buildPhases = (
				A246980B23EE6AF80000D5CA /* Sources */,
				A246980C23EE6AF80000D5CA /* Frameworks */,
				A246980D23EE6AF80000D5CA /* Resources */,
			);
			buildRules = (
			);
			dependencies = (
				A246981123EE6AF80000D5CA /* PBXTargetDependency */,
			);
			name = IOSWarsTests;
			productName = IOSWarsTests;
			productReference = A246980F23EE6AF80000D5CA /* IOSWarsTests.xctest */;
			productType = "com.apple.product-type.bundle.unit-test";
		};
		A246981923EE6AF80000D5CA /* IOSWarsUITests */ = {
			isa = PBXNativeTarget;
			buildConfigurationList = A246982923EE6AF80000D5CA /* Build configuration list for PBXNativeTarget "IOSWarsUITests" */;
			buildPhases = (
				A246981623EE6AF80000D5CA /* Sources */,
				A246981723EE6AF80000D5CA /* Frameworks */,
				A246981823EE6AF80000D5CA /* Resources */,
			);
			buildRules = (
			);
			dependencies = (
				A246981C23EE6AF80000D5CA /* PBXTargetDependency */,
			);
			name = IOSWarsUITests;
			productName = IOSWarsUITests;
			productReference = A246981A23EE6AF80000D5CA /* IOSWarsUITests.xctest */;
			productType = "com.apple.product-type.bundle.ui-testing";
		};
/* End PBXNativeTarget section */

/* Begin PBXProject section */
		A24697ED23EE6AF30000D5CA /* Project object */ = {
			isa = PBXProject;
			attributes = {
				LastSwiftUpdateCheck = 1130;
				LastUpgradeCheck = 1130;
				ORGANIZATIONNAME = CoderDroids;
				TargetAttributes = {
					A24697F423EE6AF30000D5CA = {
						CreatedOnToolsVersion = 11.3.1;
					};
					A246980E23EE6AF80000D5CA = {
						CreatedOnToolsVersion = 11.3.1;
						TestTargetID = A24697F423EE6AF30000D5CA;
					};
					A246981923EE6AF80000D5CA = {
						CreatedOnToolsVersion = 11.3.1;
						TestTargetID = A24697F423EE6AF30000D5CA;
					};
				};
			};
			buildConfigurationList = A24697F023EE6AF30000D5CA /* Build configuration list for PBXProject "IOSWars" */;
			compatibilityVersion = "Xcode 9.3";
			developmentRegion = en;
			hasScannedForEncodings = 0;
			knownRegions = (
				en,
				Base,
			);
			mainGroup = A24697EC23EE6AF30000D5CA;
			productRefGroup = A24697F623EE6AF30000D5CA /* Products */;
			projectDirPath = "";
			projectRoot = "";
			targets = (
				A24697F423EE6AF30000D5CA /* IOSWars */,
				A246980E23EE6AF80000D5CA /* IOSWarsTests */,
				A246981923EE6AF80000D5CA /* IOSWarsUITests */,
			);
		};
/* End PBXProject section */

/* Begin PBXResourcesBuildPhase section */
		A24697F323EE6AF30000D5CA /* Resources */ = {
			isa = PBXResourcesBuildPhase;
			buildActionMask = 2147483647;
			files = (
				A22DDBC02449443100A37E50 /* catapult_icon.png in Resources */,
				A2111CFF2420859000EB6CF3 /* SplashScene.sks in Resources */,
				A246980423EE6AF30000D5CA /* Main.storyboard in Resources */,
				A22DDBBF2449443100A37E50 /* swordwoman.png in Resources */,
				A246980623EE6AF70000D5CA /* Assets.xcassets in Resources */,
				A22848C424201C7E003AB097 /* MyTileSet.sks in Resources */,
				A2A8C476242507120096D831 /* knight2.png in Resources */,
				A2111D002420859000EB6CF3 /* GameScene.sks in Resources */,
				A246980923EE6AF70000D5CA /* LaunchScreen.storyboard in Resources */,
				A2111CFD2420859000EB6CF3 /* MainMenuScene.sks in Resources */,
				A2111D0B24242C1B00EB6CF3 /* CreditScene.sks in Resources */,
				A2AB6C8C243F5731007AA492 /* catapult-29@3x.png in Resources */,
				A2AB6C83243F5731007AA492 /* catapult-40.png in Resources */,
				3C88955E2448ADCE004C1719 /* song.mp3 in Resources */,
				A22DDBD12449443100A37E50 /* workshop.png in Resources */,
				A22DDBC82449443100A37E50 /* knight.png in Resources */,
				A2AB6C8D243F5731007AA492 /* catapult-29@2x.png in Resources */,
				A2AB6C87243F5731007AA492 /* Contents.json in Resources */,
				A22DDBCA2449443100A37E50 /* resource.png in Resources */,
				A22DDBC22449443100A37E50 /* pause-button.png in Resources */,
				A22DDBCE2449443100A37E50 /* tower-flag.png in Resources */,
				A2AB6C8A243F5731007AA492 /* catapult-83.5@2x.png in Resources */,
				A2A8C473242507120096D831 /* soldier.png in Resources */,
				A2AB6C84243F5731007AA492 /* catapult-20.png in Resources */,
				A2AB6C85243F5731007AA492 /* catapult-40@3x.png in Resources */,
				A2AB6C82243F5731007AA492 /* catapult-1024.png in Resources */,
				A22DDBCC2449443100A37E50 /* sword-smithing.png in Resources */,
				A2AB6C86243F5731007AA492 /* catapult-29.png in Resources */,
				A2AB6C8F243F5731007AA492 /* catapult-60@3x.png in Resources */,
				A2A8C474242507120096D831 /* catapult2.png in Resources */,
				A2AB6C8E243F5731007AA492 /* catapult-76.png in Resources */,
				A2A8C477242507120096D831 /* tank.png in Resources */,
				A2A8C475242507120096D831 /* priest.png in Resources */,
				A22DDBCF2449443100A37E50 /* health-normal.png in Resources */,
				A22DDBBE2449443100A37E50 /* white-tower.png in Resources */,
				A2AB6C81243F5731007AA492 /* catapult-20@3x.png in Resources */,
				A22DDBC72449443100A37E50 /* black-bridge.png in Resources */,
				A22DDBC92449443100A37E50 /* wizard.png in Resources */,
				A2AB6C80243F5731007AA492 /* catapult-20@2x.png in Resources */,
				A22DDBC32449443100A37E50 /* wizard-face.png in Resources */,
				A2AB6C8B243F5731007AA492 /* catapult-60@2x.png in Resources */,
				A24697FD23EE6AF30000D5CA /* Actions.sks in Resources */,
				A2AB6C89243F5731007AA492 /* catapult-76@2x.png in Resources */,
				3CB3C56724489F17003F3DF6 /* test.mp3 in Resources */,
				A2AB6C91243F5731007AA492 /* catapult_appstore.jpg in Resources */,
				A22DDBC52449443100A37E50 /* stone-tower.png in Resources */,
				A22DDBD02449443100A37E50 /* village.png in Resources */,
				A22DDBCB2449443100A37E50 /* swordman.png in Resources */,
				A22DDBC62449443100A37E50 /* troops.png in Resources */,
				A2AB6C88243F5731007AA492 /* catapult-40@2x.png in Resources */,
				A22DDBC42449443100A37E50 /* catapult.png in Resources */,
				A22DDBCD2449443100A37E50 /* player-base.png in Resources */,
				A2111D0524242BE900EB6CF3 /* OptionScene.sks in Resources */,
				A22DDBC12449443100A37E50 /* play-button.png in Resources */,
			);
			runOnlyForDeploymentPostprocessing = 0;
		};
		A246980D23EE6AF80000D5CA /* Resources */ = {
			isa = PBXResourcesBuildPhase;
			buildActionMask = 2147483647;
			files = (
			);
			runOnlyForDeploymentPostprocessing = 0;
		};
		A246981823EE6AF80000D5CA /* Resources */ = {
			isa = PBXResourcesBuildPhase;
			buildActionMask = 2147483647;
			files = (
			);
			runOnlyForDeploymentPostprocessing = 0;
		};
/* End PBXResourcesBuildPhase section */

/* Begin PBXSourcesBuildPhase section */
		A24697F123EE6AF30000D5CA /* Sources */ = {
			isa = PBXSourcesBuildPhase;
			buildActionMask = 2147483647;
			files = (
				A22DDBDD2449470400A37E50 /* Player.swift in Sources */,
				A2A8C464242450130096D831 /* UnitPriceNode.swift in Sources */,
				A22DDBD92449470400A37E50 /* Building.swift in Sources */,
				A2A8C46B24246A470096D831 /* TitleTextNode.swift in Sources */,
				A22DDBE62449FED800A37E50 /* PopupNode.swift in Sources */,
				A2111CFE2420859000EB6CF3 /* MainMenuScene.swift in Sources */,
				A2111D0724242BFC00EB6CF3 /* OptionScene.swift in Sources */,
				A2A8C45D24244C160096D831 /* AttackScene.swift in Sources */,
				A22DDBDF2449568100A37E50 /* EnemyBase.swift in Sources */,
				A22DDBD82449470400A37E50 /* Unit.swift in Sources */,
				A2A8C46D24246C200096D831 /* UnitNode.swift in Sources */,
				A246980123EE6AF30000D5CA /* GameViewController.swift in Sources */,
				3CB3C56A24489F29003F3DF6 /* Audio.swift in Sources */,
				A2A8C4662424687C0096D831 /* TroopAttackNode.swift in Sources */,
				A2A8C46224244F760096D831 /* ModelActor.swift in Sources */,
				A2111D012420859000EB6CF3 /* GameScene.swift in Sources */,
				A2A8C4692424696E0096D831 /* StatNode.swift in Sources */,
				A22DDBE12449DBFA00A37E50 /* EnemyUnit.swift in Sources */,
				A2A8C45F24244C300096D831 /* WorkshopScene.swift in Sources */,
				A24697F923EE6AF30000D5CA /* AppDelegate.swift in Sources */,
				A22DDBDB2449470400A37E50 /* Enemy.swift in Sources */,
				A22DDBDC2449470400A37E50 /* Headquarter.swift in Sources */,
				3C8895602448AFC2004C1719 /* SplashScene.swift in Sources */,
				A2111D0924242C0D00EB6CF3 /* CreditScene.swift in Sources */,
				A22DDBDA2449470400A37E50 /* GameplayManager.swift in Sources */,
				A22DDBE42449F77100A37E50 /* UnitInfoPopup.swift in Sources */,
			);
			runOnlyForDeploymentPostprocessing = 0;
		};
		A246980B23EE6AF80000D5CA /* Sources */ = {
			isa = PBXSourcesBuildPhase;
			buildActionMask = 2147483647;
			files = (
				A246981423EE6AF80000D5CA /* IOSWarsTests.swift in Sources */,
			);
			runOnlyForDeploymentPostprocessing = 0;
		};
		A246981623EE6AF80000D5CA /* Sources */ = {
			isa = PBXSourcesBuildPhase;
			buildActionMask = 2147483647;
			files = (
				A246981F23EE6AF80000D5CA /* IOSWarsUITests.swift in Sources */,
			);
			runOnlyForDeploymentPostprocessing = 0;
		};
/* End PBXSourcesBuildPhase section */

/* Begin PBXTargetDependency section */
		A246981123EE6AF80000D5CA /* PBXTargetDependency */ = {
			isa = PBXTargetDependency;
			target = A24697F423EE6AF30000D5CA /* IOSWars */;
			targetProxy = A246981023EE6AF80000D5CA /* PBXContainerItemProxy */;
		};
		A246981C23EE6AF80000D5CA /* PBXTargetDependency */ = {
			isa = PBXTargetDependency;
			target = A24697F423EE6AF30000D5CA /* IOSWars */;
			targetProxy = A246981B23EE6AF80000D5CA /* PBXContainerItemProxy */;
		};
/* End PBXTargetDependency section */

/* Begin PBXVariantGroup section */
		A246980223EE6AF30000D5CA /* Main.storyboard */ = {
			isa = PBXVariantGroup;
			children = (
				A246980323EE6AF30000D5CA /* Base */,
			);
			name = Main.storyboard;
			sourceTree = "<group>";
		};
		A246980723EE6AF70000D5CA /* LaunchScreen.storyboard */ = {
			isa = PBXVariantGroup;
			children = (
				A246980823EE6AF70000D5CA /* Base */,
			);
			name = LaunchScreen.storyboard;
			sourceTree = "<group>";
		};
/* End PBXVariantGroup section */

/* Begin XCBuildConfiguration section */
		A246982123EE6AF80000D5CA /* Debug */ = {
			isa = XCBuildConfiguration;
			buildSettings = {
				ALWAYS_SEARCH_USER_PATHS = NO;
				CLANG_ANALYZER_NONNULL = YES;
				CLANG_ANALYZER_NUMBER_OBJECT_CONVERSION = YES_AGGRESSIVE;
				CLANG_CXX_LANGUAGE_STANDARD = "gnu++14";
				CLANG_CXX_LIBRARY = "libc++";
				CLANG_ENABLE_MODULES = YES;
				CLANG_ENABLE_OBJC_ARC = YES;
				CLANG_ENABLE_OBJC_WEAK = YES;
				CLANG_WARN_BLOCK_CAPTURE_AUTORELEASING = YES;
				CLANG_WARN_BOOL_CONVERSION = YES;
				CLANG_WARN_COMMA = YES;
				CLANG_WARN_CONSTANT_CONVERSION = YES;
				CLANG_WARN_DEPRECATED_OBJC_IMPLEMENTATIONS = YES;
				CLANG_WARN_DIRECT_OBJC_ISA_USAGE = YES_ERROR;
				CLANG_WARN_DOCUMENTATION_COMMENTS = YES;
				CLANG_WARN_EMPTY_BODY = YES;
				CLANG_WARN_ENUM_CONVERSION = YES;
				CLANG_WARN_INFINITE_RECURSION = YES;
				CLANG_WARN_INT_CONVERSION = YES;
				CLANG_WARN_NON_LITERAL_NULL_CONVERSION = YES;
				CLANG_WARN_OBJC_IMPLICIT_RETAIN_SELF = YES;
				CLANG_WARN_OBJC_LITERAL_CONVERSION = YES;
				CLANG_WARN_OBJC_ROOT_CLASS = YES_ERROR;
				CLANG_WARN_RANGE_LOOP_ANALYSIS = YES;
				CLANG_WARN_STRICT_PROTOTYPES = YES;
				CLANG_WARN_SUSPICIOUS_MOVE = YES;
				CLANG_WARN_UNGUARDED_AVAILABILITY = YES_AGGRESSIVE;
				CLANG_WARN_UNREACHABLE_CODE = YES;
				CLANG_WARN__DUPLICATE_METHOD_MATCH = YES;
				COPY_PHASE_STRIP = NO;
				DEBUG_INFORMATION_FORMAT = dwarf;
				ENABLE_STRICT_OBJC_MSGSEND = YES;
				ENABLE_TESTABILITY = YES;
				GCC_C_LANGUAGE_STANDARD = gnu11;
				GCC_DYNAMIC_NO_PIC = NO;
				GCC_NO_COMMON_BLOCKS = YES;
				GCC_OPTIMIZATION_LEVEL = 0;
				GCC_PREPROCESSOR_DEFINITIONS = (
					"DEBUG=1",
					"$(inherited)",
				);
				GCC_WARN_64_TO_32_BIT_CONVERSION = YES;
				GCC_WARN_ABOUT_RETURN_TYPE = YES_ERROR;
				GCC_WARN_UNDECLARED_SELECTOR = YES;
				GCC_WARN_UNINITIALIZED_AUTOS = YES_AGGRESSIVE;
				GCC_WARN_UNUSED_FUNCTION = YES;
				GCC_WARN_UNUSED_VARIABLE = YES;
				IPHONEOS_DEPLOYMENT_TARGET = 12.1;
				MTL_ENABLE_DEBUG_INFO = INCLUDE_SOURCE;
				MTL_FAST_MATH = YES;
				ONLY_ACTIVE_ARCH = YES;
				SDKROOT = iphoneos;
				SWIFT_ACTIVE_COMPILATION_CONDITIONS = DEBUG;
				SWIFT_OPTIMIZATION_LEVEL = "-Onone";
			};
			name = Debug;
		};
		A246982223EE6AF80000D5CA /* Release */ = {
			isa = XCBuildConfiguration;
			buildSettings = {
				ALWAYS_SEARCH_USER_PATHS = NO;
				CLANG_ANALYZER_NONNULL = YES;
				CLANG_ANALYZER_NUMBER_OBJECT_CONVERSION = YES_AGGRESSIVE;
				CLANG_CXX_LANGUAGE_STANDARD = "gnu++14";
				CLANG_CXX_LIBRARY = "libc++";
				CLANG_ENABLE_MODULES = YES;
				CLANG_ENABLE_OBJC_ARC = YES;
				CLANG_ENABLE_OBJC_WEAK = YES;
				CLANG_WARN_BLOCK_CAPTURE_AUTORELEASING = YES;
				CLANG_WARN_BOOL_CONVERSION = YES;
				CLANG_WARN_COMMA = YES;
				CLANG_WARN_CONSTANT_CONVERSION = YES;
				CLANG_WARN_DEPRECATED_OBJC_IMPLEMENTATIONS = YES;
				CLANG_WARN_DIRECT_OBJC_ISA_USAGE = YES_ERROR;
				CLANG_WARN_DOCUMENTATION_COMMENTS = YES;
				CLANG_WARN_EMPTY_BODY = YES;
				CLANG_WARN_ENUM_CONVERSION = YES;
				CLANG_WARN_INFINITE_RECURSION = YES;
				CLANG_WARN_INT_CONVERSION = YES;
				CLANG_WARN_NON_LITERAL_NULL_CONVERSION = YES;
				CLANG_WARN_OBJC_IMPLICIT_RETAIN_SELF = YES;
				CLANG_WARN_OBJC_LITERAL_CONVERSION = YES;
				CLANG_WARN_OBJC_ROOT_CLASS = YES_ERROR;
				CLANG_WARN_RANGE_LOOP_ANALYSIS = YES;
				CLANG_WARN_STRICT_PROTOTYPES = YES;
				CLANG_WARN_SUSPICIOUS_MOVE = YES;
				CLANG_WARN_UNGUARDED_AVAILABILITY = YES_AGGRESSIVE;
				CLANG_WARN_UNREACHABLE_CODE = YES;
				CLANG_WARN__DUPLICATE_METHOD_MATCH = YES;
				COPY_PHASE_STRIP = NO;
				DEBUG_INFORMATION_FORMAT = "dwarf-with-dsym";
				ENABLE_NS_ASSERTIONS = NO;
				ENABLE_STRICT_OBJC_MSGSEND = YES;
				GCC_C_LANGUAGE_STANDARD = gnu11;
				GCC_NO_COMMON_BLOCKS = YES;
				GCC_WARN_64_TO_32_BIT_CONVERSION = YES;
				GCC_WARN_ABOUT_RETURN_TYPE = YES_ERROR;
				GCC_WARN_UNDECLARED_SELECTOR = YES;
				GCC_WARN_UNINITIALIZED_AUTOS = YES_AGGRESSIVE;
				GCC_WARN_UNUSED_FUNCTION = YES;
				GCC_WARN_UNUSED_VARIABLE = YES;
				IPHONEOS_DEPLOYMENT_TARGET = 12.1;
				MTL_ENABLE_DEBUG_INFO = NO;
				MTL_FAST_MATH = YES;
				SDKROOT = iphoneos;
				SWIFT_COMPILATION_MODE = wholemodule;
				SWIFT_OPTIMIZATION_LEVEL = "-O";
				VALIDATE_PRODUCT = YES;
			};
			name = Release;
		};
		A246982423EE6AF80000D5CA /* Debug */ = {
			isa = XCBuildConfiguration;
			buildSettings = {
				ASSETCATALOG_COMPILER_APPICON_NAME = AppIcon;
				CODE_SIGN_STYLE = Automatic;
				CURRENT_PROJECT_VERSION = 0;
				DEVELOPMENT_TEAM = VDQS4882Z8;
				INFOPLIST_FILE = IOSWars/Info.plist;
				IPHONEOS_DEPLOYMENT_TARGET = 12.1;
				LD_RUNPATH_SEARCH_PATHS = (
					"$(inherited)",
					"@executable_path/Frameworks",
				);
				MARKETING_VERSION = 1.1;
				PRODUCT_BUNDLE_IDENTIFIER = com.coderdroids.smallwars;
				PRODUCT_NAME = SmallWars;
				SWIFT_VERSION = 4.2;
				TARGETED_DEVICE_FAMILY = "1,2";
			};
			name = Debug;
		};
		A246982523EE6AF80000D5CA /* Release */ = {
			isa = XCBuildConfiguration;
			buildSettings = {
				ASSETCATALOG_COMPILER_APPICON_NAME = AppIcon;
				CODE_SIGN_STYLE = Automatic;
				CURRENT_PROJECT_VERSION = 0;
				DEVELOPMENT_TEAM = VDQS4882Z8;
				INFOPLIST_FILE = IOSWars/Info.plist;
				IPHONEOS_DEPLOYMENT_TARGET = 12.1;
				LD_RUNPATH_SEARCH_PATHS = (
					"$(inherited)",
					"@executable_path/Frameworks",
				);
				MARKETING_VERSION = 1.1;
				PRODUCT_BUNDLE_IDENTIFIER = com.coderdroids.smallwars;
				PRODUCT_NAME = SmallWars;
				SWIFT_VERSION = 4.2;
				TARGETED_DEVICE_FAMILY = "1,2";
			};
			name = Release;
		};
		A246982723EE6AF80000D5CA /* Debug */ = {
			isa = XCBuildConfiguration;
			buildSettings = {
				ALWAYS_EMBED_SWIFT_STANDARD_LIBRARIES = YES;
				BUNDLE_LOADER = "$(TEST_HOST)";
				CODE_SIGN_STYLE = Automatic;
				INFOPLIST_FILE = IOSWarsTests/Info.plist;
				IPHONEOS_DEPLOYMENT_TARGET = 12.1;
				LD_RUNPATH_SEARCH_PATHS = (
					"$(inherited)",
					"@executable_path/Frameworks",
					"@loader_path/Frameworks",
				);
				PRODUCT_BUNDLE_IDENTIFIER = com.coderdroids.IOSWarsTests;
				PRODUCT_NAME = "$(TARGET_NAME)";
				SWIFT_VERSION = 5.0;
				TARGETED_DEVICE_FAMILY = "1,2";
				TEST_HOST = "$(BUILT_PRODUCTS_DIR)/IOSWars.app/IOSWars";
			};
			name = Debug;
		};
		A246982823EE6AF80000D5CA /* Release */ = {
			isa = XCBuildConfiguration;
			buildSettings = {
				ALWAYS_EMBED_SWIFT_STANDARD_LIBRARIES = YES;
				BUNDLE_LOADER = "$(TEST_HOST)";
				CODE_SIGN_STYLE = Automatic;
				INFOPLIST_FILE = IOSWarsTests/Info.plist;
				IPHONEOS_DEPLOYMENT_TARGET = 12.1;
				LD_RUNPATH_SEARCH_PATHS = (
					"$(inherited)",
					"@executable_path/Frameworks",
					"@loader_path/Frameworks",
				);
				PRODUCT_BUNDLE_IDENTIFIER = com.coderdroids.IOSWarsTests;
				PRODUCT_NAME = "$(TARGET_NAME)";
				SWIFT_VERSION = 5.0;
				TARGETED_DEVICE_FAMILY = "1,2";
				TEST_HOST = "$(BUILT_PRODUCTS_DIR)/IOSWars.app/IOSWars";
			};
			name = Release;
		};
		A246982A23EE6AF80000D5CA /* Debug */ = {
			isa = XCBuildConfiguration;
			buildSettings = {
				ALWAYS_EMBED_SWIFT_STANDARD_LIBRARIES = YES;
				CODE_SIGN_STYLE = Automatic;
				INFOPLIST_FILE = IOSWarsUITests/Info.plist;
				LD_RUNPATH_SEARCH_PATHS = (
					"$(inherited)",
					"@executable_path/Frameworks",
					"@loader_path/Frameworks",
				);
				PRODUCT_BUNDLE_IDENTIFIER = com.coderdroids.IOSWarsUITests;
				PRODUCT_NAME = "$(TARGET_NAME)";
				SWIFT_VERSION = 5.0;
				TARGETED_DEVICE_FAMILY = "1,2";
				TEST_TARGET_NAME = IOSWars;
			};
			name = Debug;
		};
		A246982B23EE6AF80000D5CA /* Release */ = {
			isa = XCBuildConfiguration;
			buildSettings = {
				ALWAYS_EMBED_SWIFT_STANDARD_LIBRARIES = YES;
				CODE_SIGN_STYLE = Automatic;
				INFOPLIST_FILE = IOSWarsUITests/Info.plist;
				LD_RUNPATH_SEARCH_PATHS = (
					"$(inherited)",
					"@executable_path/Frameworks",
					"@loader_path/Frameworks",
				);
				PRODUCT_BUNDLE_IDENTIFIER = com.coderdroids.IOSWarsUITests;
				PRODUCT_NAME = "$(TARGET_NAME)";
				SWIFT_VERSION = 5.0;
				TARGETED_DEVICE_FAMILY = "1,2";
				TEST_TARGET_NAME = IOSWars;
			};
			name = Release;
		};
/* End XCBuildConfiguration section */

/* Begin XCConfigurationList section */
		A24697F023EE6AF30000D5CA /* Build configuration list for PBXProject "IOSWars" */ = {
			isa = XCConfigurationList;
			buildConfigurations = (
				A246982123EE6AF80000D5CA /* Debug */,
				A246982223EE6AF80000D5CA /* Release */,
			);
			defaultConfigurationIsVisible = 0;
			defaultConfigurationName = Release;
		};
		A246982323EE6AF80000D5CA /* Build configuration list for PBXNativeTarget "IOSWars" */ = {
			isa = XCConfigurationList;
			buildConfigurations = (
				A246982423EE6AF80000D5CA /* Debug */,
				A246982523EE6AF80000D5CA /* Release */,
			);
			defaultConfigurationIsVisible = 0;
			defaultConfigurationName = Release;
		};
		A246982623EE6AF80000D5CA /* Build configuration list for PBXNativeTarget "IOSWarsTests" */ = {
			isa = XCConfigurationList;
			buildConfigurations = (
				A246982723EE6AF80000D5CA /* Debug */,
				A246982823EE6AF80000D5CA /* Release */,
			);
			defaultConfigurationIsVisible = 0;
			defaultConfigurationName = Release;
		};
		A246982923EE6AF80000D5CA /* Build configuration list for PBXNativeTarget "IOSWarsUITests" */ = {
			isa = XCConfigurationList;
			buildConfigurations = (
				A246982A23EE6AF80000D5CA /* Debug */,
				A246982B23EE6AF80000D5CA /* Release */,
			);
			defaultConfigurationIsVisible = 0;
			defaultConfigurationName = Release;
		};
/* End XCConfigurationList section */
	};
	rootObject = A24697ED23EE6AF30000D5CA /* Project object */;
}
